
Microsoft Visual Studio Solution File, Format Version 12.00
# Visual Studio Version 16
VisualStudioVersion = 16.0.29503.13
MinimumVisualStudioVersion = 10.0.40219.1
Project("{FAE04EC0-301F-11D3-BF4B-00C04F79EFBC}") = "CPATool", "CPATool\CPATool.csproj", "{ED5520DB-45D0-4881-A276-FC7E97A8AF1C}"
EndProject
Global
	GlobalSection(SolutionConfigurationPlatforms) = preSolution
		Debug|Any CPU = Debug|Any CPU
		Release|Any CPU = Release|Any CPU
	EndGlobalSection
	GlobalSection(ProjectConfigurationPlatforms) = postSolution
		{ED5520DB-45D0-4881-A276-FC7E97A8AF1C}.Debug|Any CPU.ActiveCfg = Debug|Any CPU
		{ED5520DB-45D0-4881-A276-FC7E97A8AF1C}.Debug|Any CPU.Build.0 = Debug|Any CPU
		{ED5520DB-45D0-4881-A276-FC7E97A8AF1C}.Release|Any CPU.ActiveCfg = Release|Any CPU
		{ED5520DB-45D0-4881-A276-FC7E97A8AF1C}.Release|Any CPU.Build.0 = Release|Any CPU
	EndGlobalSection
	GlobalSection(SolutionProperties) = preSolution
		HideSolutionNode = FALSE
	EndGlobalSection
	GlobalSection(ExtensibilityGlobals) = postSolution
		SolutionGuid = {66167B9B-889F-4BC9-8A26-FB00BEC97679}
	EndGlobalSection
EndGlobal
